# This file was autogenerated by Stack.
# You should not edit this file by hand.
# For more information, please see the documentation at:
#   https://docs.haskellstack.org/en/stable/lock_files

packages:
- completed:
    cabal-file:
      size: 3117
      sha256: fdd176574b833de9759ac6b1d18266ed64ef1769cb193838e7f0bc60c3891589
    name: striot
    version: 0.1.0.4
    git: https://github.com/striot/striot.git
    pantry-tree:
      size: 5477
      sha256: e19af17c9e00d478fe0c6bb53cf1bc8694039b39fb58abb556bf9febe4e6eacd
    commit: 1441100588615723481b9d7571dbb5b37bbd65d4
  original:
    git: https://github.com/striot/striot.git
    commit: 1441100588615723481b9d7571dbb5b37bbd65d4
- completed:
    hackage: aeson-1.4.6.0@sha256:560575b008a23960403a128331f0e59594786b5cd19a35be0cd74b9a7257958e,6980
    pantry-tree:
      size: 40193
      sha256: 5769473440ae594ae8679dde9fe12b6d00a49264a9dd8962a53ff3ae5740d7a5
  original:
    hackage: aeson-1.4.6.0
- completed:
    hackage: connection-0.3.1@sha256:65da1c055610095733bcd228d85dff80804b23a5d18fede994a0f9fcd1b0c121,1554
    pantry-tree:
      size: 386
      sha256: 13a2c21049e69068e4c3d725533d94729772f2d3e05f5ef611bef28363b08798
  original:
    hackage: connection-0.3.1
- completed:
    hackage: hw-kafka-client-3.0.0@sha256:a4757287b765de252f5f183e003eaf63c2c0acda051bdd72fd3f8610ca1f3cee,3172
    pantry-tree:
      size: 2055
      sha256: e846e5d799beab5c83a91d6a9c93b54c9e86fc3a8eda9bd389216d44f5c9c809
  original:
    hackage: hw-kafka-client-3.0.0
- completed:
    hackage: net-mqtt-0.6.2.1@sha256:c1966caaa2b3894f7075450543dcd1f8017db14d06edb927a4f756533bd74398,4131
    pantry-tree:
      size: 700
      sha256: 702147709852ce98ef5bfe0374f3a1ad9f247ac4724151525ca36505dbe70eb3
  original:
    hackage: net-mqtt-0.6.2.1
- completed:
    hackage: network-3.1.0.0@sha256:85b36fea1dfe92af91b38224d6ea84eb0b17c03d9aed0260413be226722b0cd2,4074
    pantry-tree:
      size: 3296
      sha256: 73580e0327c74a22776e1bfcc09aee25769b13de972a94a84a20f522596ebfed
  original:
    hackage: network-3.1.0.0
- completed:
    hackage: prometheus-2.1.2@sha256:dbd20f6003bd0b4602433b67ced7696322ec486143efc12b1d452dd312152224,3990
    pantry-tree:
      size: 1559
      sha256: 1365a10d00c6c0e14a0c13de2fd281409dbc10416dd7fa74f22bfe4bf7bbfc60
  original:
    hackage: prometheus-2.1.2
- completed:
    hackage: socks-0.6.1@sha256:ac190808eea704672df18f702e8f2ad0b7a4d0af528e95ee55ea6ee0be672e2a,1258
    pantry-tree:
      size: 692
      sha256: 53d29c06c42e737ae99660e077c7c4b286f1272b3394ad7f74163867a5b3b8fa
  original:
    hackage: socks-0.6.1
- completed:
    hackage: split-0.2.3.4@sha256:bad9bfc9e8e0aca4ac1f7b3a2767ee6b1c199d4a1b6960db5cc3d7674aee5d73,2564
    pantry-tree:
      size: 439
      sha256: d931baa404f6867a23ed342c11ef27613227a7a82ba2324f95da184fffad0bd9
  original:
    hackage: split-0.2.3.4
- completed:
    hackage: store-streaming-0.1.0.0@sha256:39d2c8b7960a90195c5f10e60334d1b10324aad01b3470fd8713b7acfdbf9cab,2009
    pantry-tree:
      size: 478
      sha256: 171358012384b61ac1f29209898ffa7e2a6fa6d0c89efcb1be89a33b12cecc5e
  original:
    hackage: store-streaming-0.1.0.0
- completed:
    hackage: th-utilities-0.2.3.1@sha256:40ebb0bc9569b4ff5c3be93c58a1e2a35e308a7e3effc73f6b324980f53f73fc,1869
    pantry-tree:
      size: 881
      sha256: fa8f7a729bb497831a087af6368cc44a52bfdf058c54882a6f5513feb4d36212
  original:
    hackage: th-utilities-0.2.3.1
- completed:
    hackage: time-compat-1.9.2.2@sha256:ccf268e6ec91a6d9a79392697634c670c095a34a60d1ccfa1be1c84f20bb24c5,4254
    pantry-tree:
      size: 3602
      sha256: f16cc56a43fa6047ad46b23770d5a16b9c400fd8d019e9b010b766a13e8eb588
  original:
    hackage: time-compat-1.9.2.2
- completed:
    hackage: unagi-chan-0.4.1.0@sha256:818559a286f2041135a92d504e5d6c55a3edf70e080a6d413912e0f1b705b82a,8893
    pantry-tree:
      size: 2286
      sha256: 33e708a19c0d2a70923583924add3b1f71df61d3acdfabccc9511f2d3226bf5a
  original:
    hackage: unagi-chan-0.4.1.0
- completed:
    hackage: websockets-0.12.6.1@sha256:3816e841d8102877817d24ef5c96288e79f1323434268b866aa40732cc86763f,7649
    pantry-tree:
      size: 2592
      sha256: 39a2bb7273c794e77bbc29cd1a0fa9ed15066bd27818cac88f3ab6d5d1d3220e
  original:
    hackage: websockets-0.12.6.1
snapshots:
- completed:
    size: 499461
    url: https://raw.githubusercontent.com/commercialhaskell/stackage-snapshots/master/lts/13/25.yaml
    sha256: aed98969628e20615e96b06083c933c7e3354ae56b08b75e607a26569225d6c0
  original: lts-13.25
