# This file was autogenerated by Stack.
# You should not edit this file by hand.
# For more information, please see the documentation at:
#   https://docs.haskellstack.org/en/stable/lock_files

packages:
- completed:
    cabal-file:
      size: 3117
      sha256: fdd176574b833de9759ac6b1d18266ed64ef1769cb193838e7f0bc60c3891589
    name: striot
    version: 0.1.0.4
    git: https://github.com/striot/striot.git
    pantry-tree:
      size: 5477
      sha256: e19af17c9e00d478fe0c6bb53cf1bc8694039b39fb58abb556bf9febe4e6eacd
    commit: 1441100588615723481b9d7571dbb5b37bbd65d4
  original:
    git: https://github.com/striot/striot.git
    commit: 1441100588615723481b9d7571dbb5b37bbd65d4
- completed:
    hackage: algebraic-graphs-0.5@sha256:6eeec5ed1687ff7aa916e7bf9f02f51aaabde6f314dc0b7b1a84156974d7da73,8071
    pantry-tree:
      size: 4128
      sha256: cca4a0348bb126506cacd8436948a68aad62e75d45df8c71f4090a00e69b45ee
  original:
    hackage: algebraic-graphs-0.5
- completed:
    hackage: aeson-1.4.6.0@sha256:560575b008a23960403a128331f0e59594786b5cd19a35be0cd74b9a7257958e,6980
    pantry-tree:
      size: 40193
      sha256: 5769473440ae594ae8679dde9fe12b6d00a49264a9dd8962a53ff3ae5740d7a5
  original:
    hackage: aeson-1.4.6.0
- completed:
    hackage: bytestring-0.10.10.0@sha256:06b2e84f1bc9ab71a162c0ca9e88358dd6bbe5cb7fdda2d6d34b6863c367ec95,8944
    pantry-tree:
      size: 2788
      sha256: 0c8345618e3d7440989d5001ff57d01896548195338bf7a70d8453710a43418b
  original:
    hackage: bytestring-0.10.10.0
- completed:
    hackage: hspec-2.7.1@sha256:0aa48928ce80a34f8ff8c5ef114bb6807edfb8d884bcd7211eceed710e7fb7a8,1769
    pantry-tree:
      size: 532
      sha256: 8128733a7ef4760bbe5d978f2145fdcb29f4491b17db11e8c05b409441ceecb4
  original:
    hackage: hspec-2.7.1
- completed:
    hackage: QuickCheck-2.13.2@sha256:ad4e5adbd1c9dc0221a44307b992cb040c515f31095182e47aa7e974bc461df1,6952
    pantry-tree:
      size: 2202
      sha256: f79eee2f6a00b2c649f993a7b358827702373cbc931ced55ebdfb59625540403
  original:
    hackage: QuickCheck-2.13.2
- completed:
    hackage: hw-kafka-client-3.0.0@sha256:a4757287b765de252f5f183e003eaf63c2c0acda051bdd72fd3f8610ca1f3cee,3172
    pantry-tree:
      size: 2055
      sha256: e846e5d799beab5c83a91d6a9c93b54c9e86fc3a8eda9bd389216d44f5c9c809
  original:
    hackage: hw-kafka-client-3.0.0@sha256:a4757287b765de252f5f183e003eaf63c2c0acda051bdd72fd3f8610ca1f3cee,3172
- completed:
    hackage: net-mqtt-0.6.2.3@sha256:3c2201ad7021a07bccd8bb0c64a8450451085ddd03178f2a916e7951d4e7260a,4131
    pantry-tree:
      size: 700
      sha256: d8baf796ada475bf15e145bcb316e4d6cd392308deed90be863c6ffc5b82047d
  original:
    hackage: net-mqtt-0.6.2.3@sha256:3c2201ad7021a07bccd8bb0c64a8450451085ddd03178f2a916e7951d4e7260a,4131
- completed:
    hackage: prometheus-2.1.3@sha256:4fdf8602f7c74367cda182cf71dab108f78a86993b428bf96b61dd6c519b6f22,4296
    pantry-tree:
      size: 1559
      sha256: a8d0a0150abddf0d7b673fcb19ff2ef235d4005161826e1538ad802394c9fc0e
  original:
    hackage: prometheus-2.1.3@sha256:4fdf8602f7c74367cda182cf71dab108f78a86993b428bf96b61dd6c519b6f22,4296
- completed:
    hackage: store-0.7.2@sha256:94ca07b2af0ee15ee9e71f1576ea630676c3c016788c3dcb19d33d2998c3c228,7825
    pantry-tree:
      size: 1292
      sha256: 9cfa13cb040285bf132085f3b75f31cdfad279fe7f31f05e5b20b2a2f9d85aca
  original:
    hackage: store-0.7.2@sha256:94ca07b2af0ee15ee9e71f1576ea630676c3c016788c3dcb19d33d2998c3c228,7825
- completed:
    hackage: store-streaming-0.2.0.0@sha256:f1194a9276362691f2ccc92473f4ebc9e7f7e57131e8f7c20c7c2e4eb264eb70,2006
    pantry-tree:
      size: 479
      sha256: 1a9236fe7b9d3172197c57d5b879dd15c51b4f825fd788688eafda75074c7ecc
  original:
    hackage: store-streaming-0.2.0.0@sha256:f1194a9276362691f2ccc92473f4ebc9e7f7e57131e8f7c20c7c2e4eb264eb70,2006
- completed:
    hackage: store-core-0.4.4.2@sha256:11403cad88cf4f3675d49baf76cb5dd56363e786c7e25ef00fa57296af29a7b2,1444
    pantry-tree:
      size: 271
      sha256: 0db8705011f7f25d9e5f639c52ccce5fccb1de578de685def2b79e289d9de4cc
  original:
    hackage: store-core-0.4.4.2@sha256:11403cad88cf4f3675d49baf76cb5dd56363e786c7e25ef00fa57296af29a7b2,1444
- completed:
    hackage: th-utilities-0.2.3.1@sha256:40ebb0bc9569b4ff5c3be93c58a1e2a35e308a7e3effc73f6b324980f53f73fc,1869
    pantry-tree:
      size: 881
      sha256: fa8f7a729bb497831a087af6368cc44a52bfdf058c54882a6f5513feb4d36212
  original:
    hackage: th-utilities-0.2.3.1@sha256:40ebb0bc9569b4ff5c3be93c58a1e2a35e308a7e3effc73f6b324980f53f73fc,1869
snapshots:
- completed:
    size: 489011
    url: https://raw.githubusercontent.com/commercialhaskell/stackage-snapshots/master/lts/15/1.yaml
    sha256: d4ecc42b7125d68e4c3c036a08046ad0cd02ae0d9efbe3af2223a00ff8cc16f3
  original: lts-15.1
